
Microsoft Visual Studio Solution File, Format Version 12.00
Project("{FAE04EC0-301F-11D3-BF4B-00C04F79EFBC}") = "typist", "typist.csproj", "{60B0A1A6-7986-46D8-B502-AAFF8E26C647}"
EndProject
Global
	GlobalSection(SolutionConfigurationPlatforms) = preSolution
		Debug|Any CPU = Debug|Any CPU
		Release|Any CPU = Release|Any CPU
	EndGlobalSection
	GlobalSection(ProjectConfigurationPlatforms) = postSolution
		{60B0A1A6-7986-46D8-B502-AAFF8E26C647}.Debug|Any CPU.ActiveCfg = Debug|Any CPU
		{60B0A1A6-7986-46D8-B502-AAFF8E26C647}.Debug|Any CPU.Build.0 = Debug|Any CPU
		{60B0A1A6-7986-46D8-B502-AAFF8E26C647}.Release|Any CPU.ActiveCfg = Release|Any CPU
		{60B0A1A6-7986-46D8-B502-AAFF8E26C647}.Release|Any CPU.Build.0 = Release|Any CPU
	EndGlobalSection
EndGlobal
